
Microsoft Visual Studio Solution File, Format Version 12.00
# Visual Studio Version 17
VisualStudioVersion = 17.6.33829.357
MinimumVisualStudioVersion = 10.0.40219.1
Project("{9A19103F-16F7-4668-BE54-9A1E7A4F7556}") = "ConnectFourServer", "ConnectFourServer\ConnectFourServer.csproj", "{D5CEA87A-F356-456D-885F-1507DE2137ED}"
EndProject
Global
	GlobalSection(SolutionConfigurationPlatforms) = preSolution
		Debug|Any CPU = Debug|Any CPU
		Release|Any CPU = Release|Any CPU
	EndGlobalSection
	GlobalSection(ProjectConfigurationPlatforms) = postSolution
		{D5CEA87A-F356-456D-885F-1507DE2137ED}.Debug|Any CPU.ActiveCfg = Debug|Any CPU
		{D5CEA87A-F356-456D-885F-1507DE2137ED}.Debug|Any CPU.Build.0 = Debug|Any CPU
		{D5CEA87A-F356-456D-885F-1507DE2137ED}.Release|Any CPU.ActiveCfg = Release|Any CPU
		{D5CEA87A-F356-456D-885F-1507DE2137ED}.Release|Any CPU.Build.0 = Release|Any CPU
	EndGlobalSection
	GlobalSection(SolutionProperties) = preSolution
		HideSolutionNode = FALSE
	EndGlobalSection
	GlobalSection(ExtensibilityGlobals) = postSolution
		SolutionGuid = {2C4B746D-D970-4A5E-82FB-2D82055D260E}
	EndGlobalSection
EndGlobal
