
Microsoft Visual Studio Solution File, Format Version 12.00
# Visual Studio Version 17
VisualStudioVersion = 17.6.33829.357
MinimumVisualStudioVersion = 10.0.40219.1
Project("{FAE04EC0-301F-11D3-BF4B-00C04F79EFBC}") = "ConnectFourClient", "ConnectFourClient\ConnectFourClient.csproj", "{9A5931C0-DBC0-4D04-8B67-65C71A7F3D18}"
EndProject
Global
	GlobalSection(SolutionConfigurationPlatforms) = preSolution
		Debug|Any CPU = Debug|Any CPU
		Release|Any CPU = Release|Any CPU
	EndGlobalSection
	GlobalSection(ProjectConfigurationPlatforms) = postSolution
		{9A5931C0-DBC0-4D04-8B67-65C71A7F3D18}.Debug|Any CPU.ActiveCfg = Debug|Any CPU
		{9A5931C0-DBC0-4D04-8B67-65C71A7F3D18}.Debug|Any CPU.Build.0 = Debug|Any CPU
		{9A5931C0-DBC0-4D04-8B67-65C71A7F3D18}.Release|Any CPU.ActiveCfg = Release|Any CPU
		{9A5931C0-DBC0-4D04-8B67-65C71A7F3D18}.Release|Any CPU.Build.0 = Release|Any CPU
	EndGlobalSection
	GlobalSection(SolutionProperties) = preSolution
		HideSolutionNode = FALSE
	EndGlobalSection
	GlobalSection(ExtensibilityGlobals) = postSolution
		SolutionGuid = {3DC4CB4E-1957-4FD7-B02D-6907E15939A9}
	EndGlobalSection
EndGlobal
